// !$*UTF8*$!
{
	archiveVersion = 1;
	classes = {
	};
	objectVersion = 56;
	objects = {

/* Begin PBXBuildFile section */
		AF24A1F42C81B83D00A808FB /* GridLayout.swift in Sources */ = {isa = PBXBuildFile; fileRef = AF24A1F32C81B83D00A808FB /* GridLayout.swift */; };
		AF24A1F62C81D4E000A808FB /* Buttons.swift in Sources */ = {isa = PBXBuildFile; fileRef = AF24A1F52C81D4E000A808FB /* Buttons.swift */; };
		AF24A1F82C81F5CF00A808FB /* StateProperty.swift in Sources */ = {isa = PBXBuildFile; fileRef = AF24A1F72C81F5CF00A808FB /* StateProperty.swift */; };
		AF26C8052C7EB40700C3B04D /* Shapes.swift in Sources */ = {isa = PBXBuildFile; fileRef = AF26C8042C7EB40700C3B04D /* Shapes.swift */; };
		AF26C8072C7EBDDA00C3B04D /* Colors.swift in Sources */ = {isa = PBXBuildFile; fileRef = AF26C8062C7EBDDA00C3B04D /* Colors.swift */; };
		AF26C8092C7EC68200C3B04D /* Gradient.swift in Sources */ = {isa = PBXBuildFile; fileRef = AF26C8082C7EC68200C3B04D /* Gradient.swift */; };
		AF26C80B2C7ED32400C3B04D /* Images.swift in Sources */ = {isa = PBXBuildFile; fileRef = AF26C80A2C7ED32400C3B04D /* Images.swift */; };
		AF4144CD2C8064BE00DDC875 /* Spacers.swift in Sources */ = {isa = PBXBuildFile; fileRef = AF4144CC2C8064BE00DDC875 /* Spacers.swift */; };
		AF4144CF2C80684400DDC875 /* Discussion1.swift in Sources */ = {isa = PBXBuildFile; fileRef = AF4144CE2C80684400DDC875 /* Discussion1.swift */; };
		AF4144D12C8073DF00DDC875 /* InitAndEnum.swift in Sources */ = {isa = PBXBuildFile; fileRef = AF4144D02C8073DF00DDC875 /* InitAndEnum.swift */; };
		AF7400492C7F358B00986F5D /* Symbols.swift in Sources */ = {isa = PBXBuildFile; fileRef = AF7400482C7F358B00986F5D /* Symbols.swift */; };
		AF74004B2C7F440900986F5D /* Frame.swift in Sources */ = {isa = PBXBuildFile; fileRef = AF74004A2C7F440900986F5D /* Frame.swift */; };
		AF9E582E2C7EA492005AEEE2 /* SwiftEssentialApp.swift in Sources */ = {isa = PBXBuildFile; fileRef = AF9E582D2C7EA492005AEEE2 /* SwiftEssentialApp.swift */; };
		AF9E58302C7EA492005AEEE2 /* ContentView.swift in Sources */ = {isa = PBXBuildFile; fileRef = AF9E582F2C7EA492005AEEE2 /* ContentView.swift */; };
		AF9E58322C7EA494005AEEE2 /* Assets.xcassets in Resources */ = {isa = PBXBuildFile; fileRef = AF9E58312C7EA494005AEEE2 /* Assets.xcassets */; };
		AF9E58352C7EA494005AEEE2 /* Preview Assets.xcassets in Resources */ = {isa = PBXBuildFile; fileRef = AF9E58342C7EA494005AEEE2 /* Preview Assets.xcassets */; };
		AF9E583C2C7EA5E1005AEEE2 /* AddingText.swift in Sources */ = {isa = PBXBuildFile; fileRef = AF9E583B2C7EA5E1005AEEE2 /* AddingText.swift */; };
		AFE248DA2C8148DA0037F264 /* LoopForEach.swift in Sources */ = {isa = PBXBuildFile; fileRef = AFE248D92C8148DA0037F264 /* LoopForEach.swift */; };
		AFE248DC2C8150D10037F264 /* ScrollViewLayout.swift in Sources */ = {isa = PBXBuildFile; fileRef = AFE248DB2C8150D10037F264 /* ScrollViewLayout.swift */; };
		AFE248E02C8157780037F264 /* IgnoreSafeAreaLayout.swift in Sources */ = {isa = PBXBuildFile; fileRef = AFE248DF2C8157780037F264 /* IgnoreSafeAreaLayout.swift */; };
		AFE248E22C8161340037F264 /* LazyStacks.swift in Sources */ = {isa = PBXBuildFile; fileRef = AFE248E12C8161340037F264 /* LazyStacks.swift */; };
		AFE248E42C8169E20037F264 /* Discussion2.swift in Sources */ = {isa = PBXBuildFile; fileRef = AFE248E32C8169E20037F264 /* Discussion2.swift */; };
		AFF51D322C7FFCFA00629DDE /* Overlay.swift in Sources */ = {isa = PBXBuildFile; fileRef = AFF51D312C7FFCFA00629DDE /* Overlay.swift */; };
		AFF51D342C800F7E00629DDE /* Stacks.swift in Sources */ = {isa = PBXBuildFile; fileRef = AFF51D332C800F7E00629DDE /* Stacks.swift */; };
		AFF51D362C80171D00629DDE /* Padding.swift in Sources */ = {isa = PBXBuildFile; fileRef = AFF51D352C80171D00629DDE /* Padding.swift */; };
		DAA61C1D2C8476D0006D0A64 /* ExtractSubview.swift in Sources */ = {isa = PBXBuildFile; fileRef = DAA61C1C2C8476D0006D0A64 /* ExtractSubview.swift */; };
/* End PBXBuildFile section */

/* Begin PBXFileReference section */
		AF24A1F32C81B83D00A808FB /* GridLayout.swift */ = {isa = PBXFileReference; lastKnownFileType = sourcecode.swift; path = GridLayout.swift; sourceTree = "<group>"; };
		AF24A1F52C81D4E000A808FB /* Buttons.swift */ = {isa = PBXFileReference; lastKnownFileType = sourcecode.swift; path = Buttons.swift; sourceTree = "<group>"; };
		AF24A1F72C81F5CF00A808FB /* StateProperty.swift */ = {isa = PBXFileReference; lastKnownFileType = sourcecode.swift; path = StateProperty.swift; sourceTree = "<group>"; };
		AF26C8042C7EB40700C3B04D /* Shapes.swift */ = {isa = PBXFileReference; lastKnownFileType = sourcecode.swift; path = Shapes.swift; sourceTree = "<group>"; };
		AF26C8062C7EBDDA00C3B04D /* Colors.swift */ = {isa = PBXFileReference; lastKnownFileType = sourcecode.swift; path = Colors.swift; sourceTree = "<group>"; };
		AF26C8082C7EC68200C3B04D /* Gradient.swift */ = {isa = PBXFileReference; lastKnownFileType = sourcecode.swift; path = Gradient.swift; sourceTree = "<group>"; };
		AF26C80A2C7ED32400C3B04D /* Images.swift */ = {isa = PBXFileReference; lastKnownFileType = sourcecode.swift; path = Images.swift; sourceTree = "<group>"; };
		AF4144CC2C8064BE00DDC875 /* Spacers.swift */ = {isa = PBXFileReference; lastKnownFileType = sourcecode.swift; path = Spacers.swift; sourceTree = "<group>"; };
		AF4144CE2C80684400DDC875 /* Discussion1.swift */ = {isa = PBXFileReference; lastKnownFileType = sourcecode.swift; path = Discussion1.swift; sourceTree = "<group>"; };
		AF4144D02C8073DF00DDC875 /* InitAndEnum.swift */ = {isa = PBXFileReference; lastKnownFileType = sourcecode.swift; path = InitAndEnum.swift; sourceTree = "<group>"; };
		AF7400482C7F358B00986F5D /* Symbols.swift */ = {isa = PBXFileReference; lastKnownFileType = sourcecode.swift; path = Symbols.swift; sourceTree = "<group>"; };
		AF74004A2C7F440900986F5D /* Frame.swift */ = {isa = PBXFileReference; lastKnownFileType = sourcecode.swift; path = Frame.swift; sourceTree = "<group>"; };
		AF9E582A2C7EA492005AEEE2 /* SwiftEssential.app */ = {isa = PBXFileReference; explicitFileType = wrapper.application; includeInIndex = 0; path = SwiftEssential.app; sourceTree = BUILT_PRODUCTS_DIR; };
		AF9E582D2C7EA492005AEEE2 /* SwiftEssentialApp.swift */ = {isa = PBXFileReference; lastKnownFileType = sourcecode.swift; path = SwiftEssentialApp.swift; sourceTree = "<group>"; };
		AF9E582F2C7EA492005AEEE2 /* ContentView.swift */ = {isa = PBXFileReference; lastKnownFileType = sourcecode.swift; path = ContentView.swift; sourceTree = "<group>"; };
		AF9E58312C7EA494005AEEE2 /* Assets.xcassets */ = {isa = PBXFileReference; lastKnownFileType = folder.assetcatalog; path = Assets.xcassets; sourceTree = "<group>"; };
		AF9E58342C7EA494005AEEE2 /* Preview Assets.xcassets */ = {isa = PBXFileReference; lastKnownFileType = folder.assetcatalog; path = "Preview Assets.xcassets"; sourceTree = "<group>"; };
		AF9E583B2C7EA5E1005AEEE2 /* AddingText.swift */ = {isa = PBXFileReference; lastKnownFileType = sourcecode.swift; path = AddingText.swift; sourceTree = "<group>"; };
		AFE248D92C8148DA0037F264 /* LoopForEach.swift */ = {isa = PBXFileReference; lastKnownFileType = sourcecode.swift; path = LoopForEach.swift; sourceTree = "<group>"; };
		AFE248DB2C8150D10037F264 /* ScrollViewLayout.swift */ = {isa = PBXFileReference; lastKnownFileType = sourcecode.swift; path = ScrollViewLayout.swift; sourceTree = "<group>"; };
		AFE248DF2C8157780037F264 /* IgnoreSafeAreaLayout.swift */ = {isa = PBXFileReference; lastKnownFileType = sourcecode.swift; path = IgnoreSafeAreaLayout.swift; sourceTree = "<group>"; };
		AFE248E12C8161340037F264 /* LazyStacks.swift */ = {isa = PBXFileReference; lastKnownFileType = sourcecode.swift; path = LazyStacks.swift; sourceTree = "<group>"; };
		AFE248E32C8169E20037F264 /* Discussion2.swift */ = {isa = PBXFileReference; lastKnownFileType = sourcecode.swift; path = Discussion2.swift; sourceTree = "<group>"; };
		AFF51D312C7FFCFA00629DDE /* Overlay.swift */ = {isa = PBXFileReference; lastKnownFileType = sourcecode.swift; path = Overlay.swift; sourceTree = "<group>"; };
		AFF51D332C800F7E00629DDE /* Stacks.swift */ = {isa = PBXFileReference; lastKnownFileType = sourcecode.swift; path = Stacks.swift; sourceTree = "<group>"; };
		AFF51D352C80171D00629DDE /* Padding.swift */ = {isa = PBXFileReference; lastKnownFileType = sourcecode.swift; path = Padding.swift; sourceTree = "<group>"; };
		DAA61C1C2C8476D0006D0A64 /* ExtractSubview.swift */ = {isa = PBXFileReference; lastKnownFileType = sourcecode.swift; path = ExtractSubview.swift; sourceTree = "<group>"; };
/* End PBXFileReference section */

/* Begin PBXFrameworksBuildPhase section */
		AF9E58272C7EA492005AEEE2 /* Frameworks */ = {
			isa = PBXFrameworksBuildPhase;
			buildActionMask = 2147483647;
			files = (
			);
			runOnlyForDeploymentPostprocessing = 0;
		};
/* End PBXFrameworksBuildPhase section */

/* Begin PBXGroup section */
		AF9E58212C7EA492005AEEE2 = {
			isa = PBXGroup;
			children = (
				AF9E582C2C7EA492005AEEE2 /* SwiftEssential */,
				AF9E582B2C7EA492005AEEE2 /* Products */,
			);
			sourceTree = "<group>";
		};
		AF9E582B2C7EA492005AEEE2 /* Products */ = {
			isa = PBXGroup;
			children = (
				AF9E582A2C7EA492005AEEE2 /* SwiftEssential.app */,
			);
			name = Products;
			sourceTree = "<group>";
		};
		AF9E582C2C7EA492005AEEE2 /* SwiftEssential */ = {
			isa = PBXGroup;
			children = (
				AF9E582D2C7EA492005AEEE2 /* SwiftEssentialApp.swift */,
				AF9E582F2C7EA492005AEEE2 /* ContentView.swift */,
				AF9E583B2C7EA5E1005AEEE2 /* AddingText.swift */,
				AF26C8042C7EB40700C3B04D /* Shapes.swift */,
				AF26C8062C7EBDDA00C3B04D /* Colors.swift */,
				AF26C8082C7EC68200C3B04D /* Gradient.swift */,
				AF26C80A2C7ED32400C3B04D /* Images.swift */,
				AF7400482C7F358B00986F5D /* Symbols.swift */,
				AF74004A2C7F440900986F5D /* Frame.swift */,
				AFF51D312C7FFCFA00629DDE /* Overlay.swift */,
				AFF51D332C800F7E00629DDE /* Stacks.swift */,
				AFF51D352C80171D00629DDE /* Padding.swift */,
				AF4144CC2C8064BE00DDC875 /* Spacers.swift */,
				AF4144CE2C80684400DDC875 /* Discussion1.swift */,
				AF4144D02C8073DF00DDC875 /* InitAndEnum.swift */,
				AFE248D92C8148DA0037F264 /* LoopForEach.swift */,
				AFE248DB2C8150D10037F264 /* ScrollViewLayout.swift */,
				AFE248DF2C8157780037F264 /* IgnoreSafeAreaLayout.swift */,
				AFE248E12C8161340037F264 /* LazyStacks.swift */,
				AFE248E32C8169E20037F264 /* Discussion2.swift */,
				AF24A1F32C81B83D00A808FB /* GridLayout.swift */,
				AF24A1F52C81D4E000A808FB /* Buttons.swift */,
				AF24A1F72C81F5CF00A808FB /* StateProperty.swift */,
				DAA61C1C2C8476D0006D0A64 /* ExtractSubview.swift */,
				AF9E58312C7EA494005AEEE2 /* Assets.xcassets */,
				AF9E58332C7EA494005AEEE2 /* Preview Content */,
			);
			path = SwiftEssential;
			sourceTree = "<group>";
		};
		AF9E58332C7EA494005AEEE2 /* Preview Content */ = {
			isa = PBXGroup;
			children = (
				AF9E58342C7EA494005AEEE2 /* Preview Assets.xcassets */,
			);
			path = "Preview Content";
			sourceTree = "<group>";
		};
/* End PBXGroup section */

/* Begin PBXNativeTarget section */
		AF9E58292C7EA492005AEEE2 /* SwiftEssential */ = {
			isa = PBXNativeTarget;
			buildConfigurationList = AF9E58382C7EA494005AEEE2 /* Build configuration list for PBXNativeTarget "SwiftEssential" */;
			buildPhases = (
				AF9E58262C7EA492005AEEE2 /* Sources */,
				AF9E58272C7EA492005AEEE2 /* Frameworks */,
				AF9E58282C7EA492005AEEE2 /* Resources */,
			);
			buildRules = (
			);
			dependencies = (
			);
			name = SwiftEssential;
			productName = SwiftEssential;
			productReference = AF9E582A2C7EA492005AEEE2 /* SwiftEssential.app */;
			productType = "com.apple.product-type.application";
		};
/* End PBXNativeTarget section */

/* Begin PBXProject section */
		AF9E58222C7EA492005AEEE2 /* Project object */ = {
			isa = PBXProject;
			attributes = {
				BuildIndependentTargetsInParallel = 1;
				LastSwiftUpdateCheck = 1520;
				LastUpgradeCheck = 1520;
				TargetAttributes = {
					AF9E58292C7EA492005AEEE2 = {
						CreatedOnToolsVersion = 15.2;
					};
				};
			};
			buildConfigurationList = AF9E58252C7EA492005AEEE2 /* Build configuration list for PBXProject "SwiftEssential" */;
			compatibilityVersion = "Xcode 14.0";
			developmentRegion = en;
			hasScannedForEncodings = 0;
			knownRegions = (
				en,
				Base,
			);
			mainGroup = AF9E58212C7EA492005AEEE2;
			productRefGroup = AF9E582B2C7EA492005AEEE2 /* Products */;
			projectDirPath = "";
			projectRoot = "";
			targets = (
				AF9E58292C7EA492005AEEE2 /* SwiftEssential */,
			);
		};
/* End PBXProject section */

/* Begin PBXResourcesBuildPhase section */
		AF9E58282C7EA492005AEEE2 /* Resources */ = {
			isa = PBXResourcesBuildPhase;
			buildActionMask = 2147483647;
			files = (
				AF9E58352C7EA494005AEEE2 /* Preview Assets.xcassets in Resources */,
				AF9E58322C7EA494005AEEE2 /* Assets.xcassets in Resources */,
			);
			runOnlyForDeploymentPostprocessing = 0;
		};
/* End PBXResourcesBuildPhase section */

/* Begin PBXSourcesBuildPhase section */
		AF9E58262C7EA492005AEEE2 /* Sources */ = {
			isa = PBXSourcesBuildPhase;
			buildActionMask = 2147483647;
			files = (
				AF74004B2C7F440900986F5D /* Frame.swift in Sources */,
				AFE248E02C8157780037F264 /* IgnoreSafeAreaLayout.swift in Sources */,
				AFE248E42C8169E20037F264 /* Discussion2.swift in Sources */,
				AF24A1F62C81D4E000A808FB /* Buttons.swift in Sources */,
				AFE248E22C8161340037F264 /* LazyStacks.swift in Sources */,
				AF26C80B2C7ED32400C3B04D /* Images.swift in Sources */,
				AF4144D12C8073DF00DDC875 /* InitAndEnum.swift in Sources */,
				DAA61C1D2C8476D0006D0A64 /* ExtractSubview.swift in Sources */,
				AFF51D342C800F7E00629DDE /* Stacks.swift in Sources */,
				AF4144CF2C80684400DDC875 /* Discussion1.swift in Sources */,
				AF24A1F82C81F5CF00A808FB /* StateProperty.swift in Sources */,
				AFF51D322C7FFCFA00629DDE /* Overlay.swift in Sources */,
				AF7400492C7F358B00986F5D /* Symbols.swift in Sources */,
				AF9E583C2C7EA5E1005AEEE2 /* AddingText.swift in Sources */,
				AF26C8072C7EBDDA00C3B04D /* Colors.swift in Sources */,
				AF24A1F42C81B83D00A808FB /* GridLayout.swift in Sources */,
				AF9E58302C7EA492005AEEE2 /* ContentView.swift in Sources */,
				AF9E582E2C7EA492005AEEE2 /* SwiftEssentialApp.swift in Sources */,
				AF26C8052C7EB40700C3B04D /* Shapes.swift in Sources */,
				AF26C8092C7EC68200C3B04D /* Gradient.swift in Sources */,
				AFF51D362C80171D00629DDE /* Padding.swift in Sources */,
				AFE248DA2C8148DA0037F264 /* LoopForEach.swift in Sources */,
				AF4144CD2C8064BE00DDC875 /* Spacers.swift in Sources */,
				AFE248DC2C8150D10037F264 /* ScrollViewLayout.swift in Sources */,
			);
			runOnlyForDeploymentPostprocessing = 0;
		};
/* End PBXSourcesBuildPhase section */

/* Begin XCBuildConfiguration section */
		AF9E58362C7EA494005AEEE2 /* Debug */ = {
			isa = XCBuildConfiguration;
			buildSettings = {
				ALWAYS_SEARCH_USER_PATHS = NO;
				ASSETCATALOG_COMPILER_GENERATE_SWIFT_ASSET_SYMBOL_EXTENSIONS = YES;
				CLANG_ANALYZER_NONNULL = YES;
				CLANG_ANALYZER_NUMBER_OBJECT_CONVERSION = YES_AGGRESSIVE;
				CLANG_CXX_LANGUAGE_STANDARD = "gnu++20";
				CLANG_ENABLE_MODULES = YES;
				CLANG_ENABLE_OBJC_ARC = YES;
				CLANG_ENABLE_OBJC_WEAK = YES;
				CLANG_WARN_BLOCK_CAPTURE_AUTORELEASING = YES;
				CLANG_WARN_BOOL_CONVERSION = YES;
				CLANG_WARN_COMMA = YES;
				CLANG_WARN_CONSTANT_CONVERSION = YES;
				CLANG_WARN_DEPRECATED_OBJC_IMPLEMENTATIONS = YES;
				CLANG_WARN_DIRECT_OBJC_ISA_USAGE = YES_ERROR;
				CLANG_WARN_DOCUMENTATION_COMMENTS = YES;
				CLANG_WARN_EMPTY_BODY = YES;
				CLANG_WARN_ENUM_CONVERSION = YES;
				CLANG_WARN_INFINITE_RECURSION = YES;
				CLANG_WARN_INT_CONVERSION = YES;
				CLANG_WARN_NON_LITERAL_NULL_CONVERSION = YES;
				CLANG_WARN_OBJC_IMPLICIT_RETAIN_SELF = YES;
				CLANG_WARN_OBJC_LITERAL_CONVERSION = YES;
				CLANG_WARN_OBJC_ROOT_CLASS = YES_ERROR;
				CLANG_WARN_QUOTED_INCLUDE_IN_FRAMEWORK_HEADER = YES;
				CLANG_WARN_RANGE_LOOP_ANALYSIS = YES;
				CLANG_WARN_STRICT_PROTOTYPES = YES;
				CLANG_WARN_SUSPICIOUS_MOVE = YES;
				CLANG_WARN_UNGUARDED_AVAILABILITY = YES_AGGRESSIVE;
				CLANG_WARN_UNREACHABLE_CODE = YES;
				CLANG_WARN__DUPLICATE_METHOD_MATCH = YES;
				COPY_PHASE_STRIP = NO;
				DEBUG_INFORMATION_FORMAT = dwarf;
				ENABLE_STRICT_OBJC_MSGSEND = YES;
				ENABLE_TESTABILITY = YES;
				ENABLE_USER_SCRIPT_SANDBOXING = YES;
				GCC_C_LANGUAGE_STANDARD = gnu17;
				GCC_DYNAMIC_NO_PIC = NO;
				GCC_NO_COMMON_BLOCKS = YES;
				GCC_OPTIMIZATION_LEVEL = 0;
				GCC_PREPROCESSOR_DEFINITIONS = (
					"DEBUG=1",
					"$(inherited)",
				);
				GCC_WARN_64_TO_32_BIT_CONVERSION = YES;
				GCC_WARN_ABOUT_RETURN_TYPE = YES_ERROR;
				GCC_WARN_UNDECLARED_SELECTOR = YES;
				GCC_WARN_UNINITIALIZED_AUTOS = YES_AGGRESSIVE;
				GCC_WARN_UNUSED_FUNCTION = YES;
				GCC_WARN_UNUSED_VARIABLE = YES;
				IPHONEOS_DEPLOYMENT_TARGET = 17.2;
				LOCALIZATION_PREFERS_STRING_CATALOGS = YES;
				MTL_ENABLE_DEBUG_INFO = INCLUDE_SOURCE;
				MTL_FAST_MATH = YES;
				ONLY_ACTIVE_ARCH = YES;
				SDKROOT = iphoneos;
				SWIFT_ACTIVE_COMPILATION_CONDITIONS = "DEBUG $(inherited)";
				SWIFT_OPTIMIZATION_LEVEL = "-Onone";
			};
			name = Debug;
		};
		AF9E58372C7EA494005AEEE2 /* Release */ = {
			isa = XCBuildConfiguration;
			buildSettings = {
				ALWAYS_SEARCH_USER_PATHS = NO;
				ASSETCATALOG_COMPILER_GENERATE_SWIFT_ASSET_SYMBOL_EXTENSIONS = YES;
				CLANG_ANALYZER_NONNULL = YES;
				CLANG_ANALYZER_NUMBER_OBJECT_CONVERSION = YES_AGGRESSIVE;
				CLANG_CXX_LANGUAGE_STANDARD = "gnu++20";
				CLANG_ENABLE_MODULES = YES;
				CLANG_ENABLE_OBJC_ARC = YES;
				CLANG_ENABLE_OBJC_WEAK = YES;
				CLANG_WARN_BLOCK_CAPTURE_AUTORELEASING = YES;
				CLANG_WARN_BOOL_CONVERSION = YES;
				CLANG_WARN_COMMA = YES;
				CLANG_WARN_CONSTANT_CONVERSION = YES;
				CLANG_WARN_DEPRECATED_OBJC_IMPLEMENTATIONS = YES;
				CLANG_WARN_DIRECT_OBJC_ISA_USAGE = YES_ERROR;
				CLANG_WARN_DOCUMENTATION_COMMENTS = YES;
				CLANG_WARN_EMPTY_BODY = YES;
				CLANG_WARN_ENUM_CONVERSION = YES;
				CLANG_WARN_INFINITE_RECURSION = YES;
				CLANG_WARN_INT_CONVERSION = YES;
				CLANG_WARN_NON_LITERAL_NULL_CONVERSION = YES;
				CLANG_WARN_OBJC_IMPLICIT_RETAIN_SELF = YES;
				CLANG_WARN_OBJC_LITERAL_CONVERSION = YES;
				CLANG_WARN_OBJC_ROOT_CLASS = YES_ERROR;
				CLANG_WARN_QUOTED_INCLUDE_IN_FRAMEWORK_HEADER = YES;
				CLANG_WARN_RANGE_LOOP_ANALYSIS = YES;
				CLANG_WARN_STRICT_PROTOTYPES = YES;
				CLANG_WARN_SUSPICIOUS_MOVE = YES;
				CLANG_WARN_UNGUARDED_AVAILABILITY = YES_AGGRESSIVE;
				CLANG_WARN_UNREACHABLE_CODE = YES;
				CLANG_WARN__DUPLICATE_METHOD_MATCH = YES;
				COPY_PHASE_STRIP = NO;
				DEBUG_INFORMATION_FORMAT = "dwarf-with-dsym";
				ENABLE_NS_ASSERTIONS = NO;
				ENABLE_STRICT_OBJC_MSGSEND = YES;
				ENABLE_USER_SCRIPT_SANDBOXING = YES;
				GCC_C_LANGUAGE_STANDARD = gnu17;
				GCC_NO_COMMON_BLOCKS = YES;
				GCC_WARN_64_TO_32_BIT_CONVERSION = YES;
				GCC_WARN_ABOUT_RETURN_TYPE = YES_ERROR;
				GCC_WARN_UNDECLARED_SELECTOR = YES;
				GCC_WARN_UNINITIALIZED_AUTOS = YES_AGGRESSIVE;
				GCC_WARN_UNUSED_FUNCTION = YES;
				GCC_WARN_UNUSED_VARIABLE = YES;
				IPHONEOS_DEPLOYMENT_TARGET = 17.2;
				LOCALIZATION_PREFERS_STRING_CATALOGS = YES;
				MTL_ENABLE_DEBUG_INFO = NO;
				MTL_FAST_MATH = YES;
				SDKROOT = iphoneos;
				SWIFT_COMPILATION_MODE = wholemodule;
				VALIDATE_PRODUCT = YES;
			};
			name = Release;
		};
		AF9E58392C7EA494005AEEE2 /* Debug */ = {
			isa = XCBuildConfiguration;
			buildSettings = {
				ASSETCATALOG_COMPILER_APPICON_NAME = AppIcon;
				ASSETCATALOG_COMPILER_GLOBAL_ACCENT_COLOR_NAME = AccentColor;
				CODE_SIGN_STYLE = Automatic;
				CURRENT_PROJECT_VERSION = 1;
				DEVELOPMENT_ASSET_PATHS = "\"SwiftEssential/Preview Content\"";
				DEVELOPMENT_TEAM = 7G7F9UTVD7;
				ENABLE_PREVIEWS = YES;
				GENERATE_INFOPLIST_FILE = YES;
				INFOPLIST_KEY_UIApplicationSceneManifest_Generation = YES;
				INFOPLIST_KEY_UIApplicationSupportsIndirectInputEvents = YES;
				INFOPLIST_KEY_UILaunchScreen_Generation = YES;
				INFOPLIST_KEY_UISupportedInterfaceOrientations_iPad = "UIInterfaceOrientationPortrait UIInterfaceOrientationPortraitUpsideDown UIInterfaceOrientationLandscapeLeft UIInterfaceOrientationLandscapeRight";
				INFOPLIST_KEY_UISupportedInterfaceOrientations_iPhone = "UIInterfaceOrientationPortrait UIInterfaceOrientationLandscapeLeft UIInterfaceOrientationLandscapeRight";
				LD_RUNPATH_SEARCH_PATHS = (
					"$(inherited)",
					"@executable_path/Frameworks",
				);
				MARKETING_VERSION = 1.0;
				PRODUCT_BUNDLE_IDENTIFIER = Dave17code.SwiftEssential;
				PRODUCT_NAME = "$(TARGET_NAME)";
				SWIFT_EMIT_LOC_STRINGS = YES;
				SWIFT_VERSION = 5.0;
				TARGETED_DEVICE_FAMILY = "1,2";
			};
			name = Debug;
		};
		AF9E583A2C7EA494005AEEE2 /* Release */ = {
			isa = XCBuildConfiguration;
			buildSettings = {
				ASSETCATALOG_COMPILER_APPICON_NAME = AppIcon;
				ASSETCATALOG_COMPILER_GLOBAL_ACCENT_COLOR_NAME = AccentColor;
				CODE_SIGN_STYLE = Automatic;
				CURRENT_PROJECT_VERSION = 1;
				DEVELOPMENT_ASSET_PATHS = "\"SwiftEssential/Preview Content\"";
				DEVELOPMENT_TEAM = 7G7F9UTVD7;
				ENABLE_PREVIEWS = YES;
				GENERATE_INFOPLIST_FILE = YES;
				INFOPLIST_KEY_UIApplicationSceneManifest_Generation = YES;
				INFOPLIST_KEY_UIApplicationSupportsIndirectInputEvents = YES;
				INFOPLIST_KEY_UILaunchScreen_Generation = YES;
				INFOPLIST_KEY_UISupportedInterfaceOrientations_iPad = "UIInterfaceOrientationPortrait UIInterfaceOrientationPortraitUpsideDown UIInterfaceOrientationLandscapeLeft UIInterfaceOrientationLandscapeRight";
				INFOPLIST_KEY_UISupportedInterfaceOrientations_iPhone = "UIInterfaceOrientationPortrait UIInterfaceOrientationLandscapeLeft UIInterfaceOrientationLandscapeRight";
				LD_RUNPATH_SEARCH_PATHS = (
					"$(inherited)",
					"@executable_path/Frameworks",
				);
				MARKETING_VERSION = 1.0;
				PRODUCT_BUNDLE_IDENTIFIER = Dave17code.SwiftEssential;
				PRODUCT_NAME = "$(TARGET_NAME)";
				SWIFT_EMIT_LOC_STRINGS = YES;
				SWIFT_VERSION = 5.0;
				TARGETED_DEVICE_FAMILY = "1,2";
			};
			name = Release;
		};
/* End XCBuildConfiguration section */

/* Begin XCConfigurationList section */
		AF9E58252C7EA492005AEEE2 /* Build configuration list for PBXProject "SwiftEssential" */ = {
			isa = XCConfigurationList;
			buildConfigurations = (
				AF9E58362C7EA494005AEEE2 /* Debug */,
				AF9E58372C7EA494005AEEE2 /* Release */,
			);
			defaultConfigurationIsVisible = 0;
			defaultConfigurationName = Release;
		};
		AF9E58382C7EA494005AEEE2 /* Build configuration list for PBXNativeTarget "SwiftEssential" */ = {
			isa = XCConfigurationList;
			buildConfigurations = (
				AF9E58392C7EA494005AEEE2 /* Debug */,
				AF9E583A2C7EA494005AEEE2 /* Release */,
			);
			defaultConfigurationIsVisible = 0;
			defaultConfigurationName = Release;
		};
/* End XCConfigurationList section */
	};
	rootObject = AF9E58222C7EA492005AEEE2 /* Project object */;
}
